// !$*UTF8*$!
{
	archiveVersion = 1;
	classes = {
	};
	objectVersion = 46;
	objects = {

/* Begin PBXBuildFile section */
		256366C02376D466D990962F /* Pods_iOSAboutMeApp.framework in Frameworks */ = {isa = PBXBuildFile; fileRef = F8799F91F1F65059EF6800EE /* Pods_iOSAboutMeApp.framework */; };
		EE23CB5D1D81E876001AB9C9 /* Support.swift in Sources */ = {isa = PBXBuildFile; fileRef = EE23CB5C1D81E876001AB9C9 /* Support.swift */; };
		EE24F31E1D89B1440051FC18 /* MenuBar.swift in Sources */ = {isa = PBXBuildFile; fileRef = EE24F31D1D89B1440051FC18 /* MenuBar.swift */; };
		EE24F3231D8A79E00051FC18 /* BaseCell.swift in Sources */ = {isa = PBXBuildFile; fileRef = EE24F3221D8A79E00051FC18 /* BaseCell.swift */; };
		EE3A410D1D8261D6000071CE /* ProfileCell.swift in Sources */ = {isa = PBXBuildFile; fileRef = EE3A410C1D8261D6000071CE /* ProfileCell.swift */; };
		EE3A410F1D826573000071CE /* ProfileWebViewController.swift in Sources */ = {isa = PBXBuildFile; fileRef = EE3A410E1D826573000071CE /* ProfileWebViewController.swift */; };
		EE3A41131D8272E0000071CE /* TechnicalWebViewController.swift in Sources */ = {isa = PBXBuildFile; fileRef = EE3A41121D8272E0000071CE /* TechnicalWebViewController.swift */; };
		EE3A41151D827D19000071CE /* HelpViewController.swift in Sources */ = {isa = PBXBuildFile; fileRef = EE3A41141D827D19000071CE /* HelpViewController.swift */; };
		EE61BFF31D8085BD004417E9 /* AppDelegate.swift in Sources */ = {isa = PBXBuildFile; fileRef = EE61BFF21D8085BD004417E9 /* AppDelegate.swift */; };
		EE61BFF51D8085BD004417E9 /* ViewController.swift in Sources */ = {isa = PBXBuildFile; fileRef = EE61BFF41D8085BD004417E9 /* ViewController.swift */; };
		EE61BFF81D8085BD004417E9 /* Main.storyboard in Resources */ = {isa = PBXBuildFile; fileRef = EE61BFF61D8085BD004417E9 /* Main.storyboard */; };
		EE61BFFA1D8085BD004417E9 /* Assets.xcassets in Resources */ = {isa = PBXBuildFile; fileRef = EE61BFF91D8085BD004417E9 /* Assets.xcassets */; };
		EE61BFFD1D8085BD004417E9 /* LaunchScreen.storyboard in Resources */ = {isa = PBXBuildFile; fileRef = EE61BFFB1D8085BD004417E9 /* LaunchScreen.storyboard */; };
		EE61C0081D8095B4004417E9 /* Walkthrough.storyboard in Resources */ = {isa = PBXBuildFile; fileRef = EE61C0071D8095B4004417E9 /* Walkthrough.storyboard */; };
		EE61C0141D809F33004417E9 /* SWRevealViewController.m in Sources */ = {isa = PBXBuildFile; fileRef = EE61C0131D809F33004417E9 /* SWRevealViewController.m */; };
		EE61C0161D80A0A5004417E9 /* ProfileTableViewController.swift in Sources */ = {isa = PBXBuildFile; fileRef = EE61C0151D80A0A5004417E9 /* ProfileTableViewController.swift */; };
		EE61C0181D80A367004417E9 /* MyAppTableViewController.swift in Sources */ = {isa = PBXBuildFile; fileRef = EE61C0171D80A367004417E9 /* MyAppTableViewController.swift */; };
		EE61C01A1D812478004417E9 /* SWRevealTableViewController.swift in Sources */ = {isa = PBXBuildFile; fileRef = EE61C0191D812478004417E9 /* SWRevealTableViewController.swift */; };
/* End PBXBuildFile section */

/* Begin PBXFileReference section */
		284A2F268034D959AF793018 /* Pods-iOSAboutMeApp.debug.xcconfig */ = {isa = PBXFileReference; includeInIndex = 1; lastKnownFileType = text.xcconfig; name = "Pods-iOSAboutMeApp.debug.xcconfig"; path = "Pods/Target Support Files/Pods-iOSAboutMeApp/Pods-iOSAboutMeApp.debug.xcconfig"; sourceTree = "<group>"; };
		7406275A572D2FD49EB78E96 /* Pods-iOSAboutMeApp.release.xcconfig */ = {isa = PBXFileReference; includeInIndex = 1; lastKnownFileType = text.xcconfig; name = "Pods-iOSAboutMeApp.release.xcconfig"; path = "Pods/Target Support Files/Pods-iOSAboutMeApp/Pods-iOSAboutMeApp.release.xcconfig"; sourceTree = "<group>"; };
		EE23CB5C1D81E876001AB9C9 /* Support.swift */ = {isa = PBXFileReference; fileEncoding = 4; lastKnownFileType = sourcecode.swift; path = Support.swift; sourceTree = "<group>"; };
		EE24F31D1D89B1440051FC18 /* MenuBar.swift */ = {isa = PBXFileReference; fileEncoding = 4; lastKnownFileType = sourcecode.swift; path = MenuBar.swift; sourceTree = "<group>"; };
		EE24F3221D8A79E00051FC18 /* BaseCell.swift */ = {isa = PBXFileReference; fileEncoding = 4; lastKnownFileType = sourcecode.swift; path = BaseCell.swift; sourceTree = "<group>"; };
		EE3A410C1D8261D6000071CE /* ProfileCell.swift */ = {isa = PBXFileReference; fileEncoding = 4; lastKnownFileType = sourcecode.swift; path = ProfileCell.swift; sourceTree = "<group>"; };
		EE3A410E1D826573000071CE /* ProfileWebViewController.swift */ = {isa = PBXFileReference; fileEncoding = 4; lastKnownFileType = sourcecode.swift; path = ProfileWebViewController.swift; sourceTree = "<group>"; };
		EE3A41121D8272E0000071CE /* TechnicalWebViewController.swift */ = {isa = PBXFileReference; fileEncoding = 4; lastKnownFileType = sourcecode.swift; path = TechnicalWebViewController.swift; sourceTree = "<group>"; };
		EE3A41141D827D19000071CE /* HelpViewController.swift */ = {isa = PBXFileReference; fileEncoding = 4; lastKnownFileType = sourcecode.swift; path = HelpViewController.swift; sourceTree = "<group>"; };
		EE61BFEF1D8085BC004417E9 /* iOSAboutMeApp.app */ = {isa = PBXFileReference; explicitFileType = wrapper.application; includeInIndex = 0; path = iOSAboutMeApp.app; sourceTree = BUILT_PRODUCTS_DIR; };
		EE61BFF21D8085BD004417E9 /* AppDelegate.swift */ = {isa = PBXFileReference; lastKnownFileType = sourcecode.swift; path = AppDelegate.swift; sourceTree = "<group>"; };
		EE61BFF41D8085BD004417E9 /* ViewController.swift */ = {isa = PBXFileReference; lastKnownFileType = sourcecode.swift; path = ViewController.swift; sourceTree = "<group>"; };
		EE61BFF71D8085BD004417E9 /* Base */ = {isa = PBXFileReference; lastKnownFileType = file.storyboard; name = Base; path = Base.lproj/Main.storyboard; sourceTree = "<group>"; };
		EE61BFF91D8085BD004417E9 /* Assets.xcassets */ = {isa = PBXFileReference; lastKnownFileType = folder.assetcatalog; path = Assets.xcassets; sourceTree = "<group>"; };
		EE61BFFC1D8085BD004417E9 /* Base */ = {isa = PBXFileReference; lastKnownFileType = file.storyboard; name = Base; path = Base.lproj/LaunchScreen.storyboard; sourceTree = "<group>"; };
		EE61BFFE1D8085BD004417E9 /* Info.plist */ = {isa = PBXFileReference; lastKnownFileType = text.plist.xml; path = Info.plist; sourceTree = "<group>"; };
		EE61C0071D8095B4004417E9 /* Walkthrough.storyboard */ = {isa = PBXFileReference; fileEncoding = 4; lastKnownFileType = file.storyboard; path = Walkthrough.storyboard; sourceTree = "<group>"; };
		EE61C0111D809F32004417E9 /* iOSAboutMeApp-Bridging-Header.h */ = {isa = PBXFileReference; lastKnownFileType = sourcecode.c.h; path = "iOSAboutMeApp-Bridging-Header.h"; sourceTree = "<group>"; };
		EE61C0121D809F33004417E9 /* SWRevealViewController.h */ = {isa = PBXFileReference; fileEncoding = 4; lastKnownFileType = sourcecode.c.h; name = SWRevealViewController.h; path = iOSAboutMeApp/SWRevealViewController.h; sourceTree = "<group>"; };
		EE61C0131D809F33004417E9 /* SWRevealViewController.m */ = {isa = PBXFileReference; fileEncoding = 4; lastKnownFileType = sourcecode.c.objc; name = SWRevealViewController.m; path = iOSAboutMeApp/SWRevealViewController.m; sourceTree = "<group>"; };
		EE61C0151D80A0A5004417E9 /* ProfileTableViewController.swift */ = {isa = PBXFileReference; fileEncoding = 4; lastKnownFileType = sourcecode.swift; path = ProfileTableViewController.swift; sourceTree = "<group>"; };
		EE61C0171D80A367004417E9 /* MyAppTableViewController.swift */ = {isa = PBXFileReference; fileEncoding = 4; lastKnownFileType = sourcecode.swift; path = MyAppTableViewController.swift; sourceTree = "<group>"; };
		EE61C0191D812478004417E9 /* SWRevealTableViewController.swift */ = {isa = PBXFileReference; fileEncoding = 4; lastKnownFileType = sourcecode.swift; path = SWRevealTableViewController.swift; sourceTree = "<group>"; };
		F8799F91F1F65059EF6800EE /* Pods_iOSAboutMeApp.framework */ = {isa = PBXFileReference; explicitFileType = wrapper.framework; includeInIndex = 0; path = Pods_iOSAboutMeApp.framework; sourceTree = BUILT_PRODUCTS_DIR; };
/* End PBXFileReference section */

/* Begin PBXFrameworksBuildPhase section */
		EE61BFEC1D8085BC004417E9 /* Frameworks */ = {
			isa = PBXFrameworksBuildPhase;
			buildActionMask = 2147483647;
			files = (
				256366C02376D466D990962F /* Pods_iOSAboutMeApp.framework in Frameworks */,
			);
			runOnlyForDeploymentPostprocessing = 0;
		};
/* End PBXFrameworksBuildPhase section */

/* Begin PBXGroup section */
		C960ADB137FE4A2843F8CEA9 /* Frameworks */ = {
			isa = PBXGroup;
			children = (
				F8799F91F1F65059EF6800EE /* Pods_iOSAboutMeApp.framework */,
			);
			name = Frameworks;
			sourceTree = "<group>";
		};
		E4158422846608D25B7FE719 /* Pods */ = {
			isa = PBXGroup;
			children = (
				284A2F268034D959AF793018 /* Pods-iOSAboutMeApp.debug.xcconfig */,
				7406275A572D2FD49EB78E96 /* Pods-iOSAboutMeApp.release.xcconfig */,
			);
			name = Pods;
			sourceTree = "<group>";
		};
		EE24F31C1D89B1350051FC18 /* CustomView */ = {
			isa = PBXGroup;
			children = (
				EE24F31D1D89B1440051FC18 /* MenuBar.swift */,
				EE24F3221D8A79E00051FC18 /* BaseCell.swift */,
			);
			name = CustomView;
			path = ..;
			sourceTree = "<group>";
		};
		EE24F31F1D89BFFE0051FC18 /* Other */ = {
			isa = PBXGroup;
			children = (
				EE23CB5C1D81E876001AB9C9 /* Support.swift */,
			);
			name = Other;
			sourceTree = "<group>";
		};
		EE61BFE61D8085BC004417E9 = {
			isa = PBXGroup;
			children = (
				EE61BFF11D8085BC004417E9 /* iOSAboutMeApp */,
				EE61BFF01D8085BC004417E9 /* Products */,
				E4158422846608D25B7FE719 /* Pods */,
				C960ADB137FE4A2843F8CEA9 /* Frameworks */,
			);
			sourceTree = "<group>";
		};
		EE61BFF01D8085BC004417E9 /* Products */ = {
			isa = PBXGroup;
			children = (
				EE61BFEF1D8085BC004417E9 /* iOSAboutMeApp.app */,
			);
			name = Products;
			sourceTree = "<group>";
		};
		EE61BFF11D8085BC004417E9 /* iOSAboutMeApp */ = {
			isa = PBXGroup;
			children = (
				EE24F31F1D89BFFE0051FC18 /* Other */,
				EE61C0101D809F07004417E9 /* SWReveal */,
				EE24F31C1D89B1350051FC18 /* CustomView */,
				EE61BFF21D8085BD004417E9 /* AppDelegate.swift */,
				EE61BFF41D8085BD004417E9 /* ViewController.swift */,
				EE61BFF61D8085BD004417E9 /* Main.storyboard */,
				EE61BFF91D8085BD004417E9 /* Assets.xcassets */,
				EE61BFFB1D8085BD004417E9 /* LaunchScreen.storyboard */,
				EE61BFFE1D8085BD004417E9 /* Info.plist */,
				EE61C0071D8095B4004417E9 /* Walkthrough.storyboard */,
				EE61C0151D80A0A5004417E9 /* ProfileTableViewController.swift */,
				EE61C0171D80A367004417E9 /* MyAppTableViewController.swift */,
				EE61C0191D812478004417E9 /* SWRevealTableViewController.swift */,
				EE3A410C1D8261D6000071CE /* ProfileCell.swift */,
				EE3A410E1D826573000071CE /* ProfileWebViewController.swift */,
				EE3A41121D8272E0000071CE /* TechnicalWebViewController.swift */,
				EE3A41141D827D19000071CE /* HelpViewController.swift */,
			);
			path = iOSAboutMeApp;
			sourceTree = "<group>";
		};
		EE61C0101D809F07004417E9 /* SWReveal */ = {
			isa = PBXGroup;
			children = (
				EE61C0121D809F33004417E9 /* SWRevealViewController.h */,
				EE61C0131D809F33004417E9 /* SWRevealViewController.m */,
				EE61C0111D809F32004417E9 /* iOSAboutMeApp-Bridging-Header.h */,
			);
			name = SWReveal;
			path = ..;
			sourceTree = "<group>";
		};
/* End PBXGroup section */

/* Begin PBXNativeTarget section */
		EE61BFEE1D8085BC004417E9 /* iOSAboutMeApp */ = {
			isa = PBXNativeTarget;
			buildConfigurationList = EE61C0011D8085BD004417E9 /* Build configuration list for PBXNativeTarget "iOSAboutMeApp" */;
			buildPhases = (
				FCD453E05A4D805035198563 /* [CP] Check Pods Manifest.lock */,
				EE61BFEB1D8085BC004417E9 /* Sources */,
				EE61BFEC1D8085BC004417E9 /* Frameworks */,
				EE61BFED1D8085BC004417E9 /* Resources */,
				79A7242BA10B8BFF53CFE4BF /* [CP] Embed Pods Frameworks */,
				8CA22505B3E8B85CA4C3D583 /* [CP] Copy Pods Resources */,
			);
			buildRules = (
			);
			dependencies = (
			);
			name = iOSAboutMeApp;
			productName = iOSAboutMeApp;
			productReference = EE61BFEF1D8085BC004417E9 /* iOSAboutMeApp.app */;
			productType = "com.apple.product-type.application";
		};
/* End PBXNativeTarget section */

/* Begin PBXProject section */
		EE61BFE71D8085BC004417E9 /* Project object */ = {
			isa = PBXProject;
			attributes = {
				LastSwiftUpdateCheck = 0730;
				LastUpgradeCheck = 0730;
				ORGANIZATIONNAME = Chotipat;
				TargetAttributes = {
					EE61BFEE1D8085BC004417E9 = {
						CreatedOnToolsVersion = 7.3.1;
						DevelopmentTeam = 9MF88L22LR;
					};
				};
			};
			buildConfigurationList = EE61BFEA1D8085BC004417E9 /* Build configuration list for PBXProject "iOSAboutMeApp" */;
			compatibilityVersion = "Xcode 3.2";
			developmentRegion = English;
			hasScannedForEncodings = 0;
			knownRegions = (
				en,
				Base,
			);
			mainGroup = EE61BFE61D8085BC004417E9;
			productRefGroup = EE61BFF01D8085BC004417E9 /* Products */;
			projectDirPath = "";
			projectRoot = "";
			targets = (
				EE61BFEE1D8085BC004417E9 /* iOSAboutMeApp */,
			);
		};
/* End PBXProject section */

/* Begin PBXResourcesBuildPhase section */
		EE61BFED1D8085BC004417E9 /* Resources */ = {
			isa = PBXResourcesBuildPhase;
			buildActionMask = 2147483647;
			files = (
				EE61BFFD1D8085BD004417E9 /* LaunchScreen.storyboard in Resources */,
				EE61C0081D8095B4004417E9 /* Walkthrough.storyboard in Resources */,
				EE61BFFA1D8085BD004417E9 /* Assets.xcassets in Resources */,
				EE61BFF81D8085BD004417E9 /* Main.storyboard in Resources */,
			);
			runOnlyForDeploymentPostprocessing = 0;
		};
/* End PBXResourcesBuildPhase section */

/* Begin PBXShellScriptBuildPhase section */
		79A7242BA10B8BFF53CFE4BF /* [CP] Embed Pods Frameworks */ = {
			isa = PBXShellScriptBuildPhase;
			buildActionMask = 2147483647;
			files = (
			);
			inputPaths = (
			);
			name = "[CP] Embed Pods Frameworks";
			outputPaths = (
			);
			runOnlyForDeploymentPostprocessing = 0;
			shellPath = /bin/sh;
			shellScript = "\"${SRCROOT}/Pods/Target Support Files/Pods-iOSAboutMeApp/Pods-iOSAboutMeApp-frameworks.sh\"\n";
			showEnvVarsInLog = 0;
		};
		8CA22505B3E8B85CA4C3D583 /* [CP] Copy Pods Resources */ = {
			isa = PBXShellScriptBuildPhase;
			buildActionMask = 2147483647;
			files = (
			);
			inputPaths = (
			);
			name = "[CP] Copy Pods Resources";
			outputPaths = (
			);
			runOnlyForDeploymentPostprocessing = 0;
			shellPath = /bin/sh;
			shellScript = "\"${SRCROOT}/Pods/Target Support Files/Pods-iOSAboutMeApp/Pods-iOSAboutMeApp-resources.sh\"\n";
			showEnvVarsInLog = 0;
		};
		FCD453E05A4D805035198563 /* [CP] Check Pods Manifest.lock */ = {
			isa = PBXShellScriptBuildPhase;
			buildActionMask = 2147483647;
			files = (
			);
			inputPaths = (
			);
			name = "[CP] Check Pods Manifest.lock";
			outputPaths = (
			);
			runOnlyForDeploymentPostprocessing = 0;
			shellPath = /bin/sh;
			shellScript = "diff \"${PODS_ROOT}/../Podfile.lock\" \"${PODS_ROOT}/Manifest.lock\" > /dev/null\nif [ $? != 0 ] ; then\n    # print error to STDERR\n    echo \"error: The sandbox is not in sync with the Podfile.lock. Run 'pod install' or update your CocoaPods installation.\" >&2\n    exit 1\nfi\n";
			showEnvVarsInLog = 0;
		};
/* End PBXShellScriptBuildPhase section */

/* Begin PBXSourcesBuildPhase section */
		EE61BFEB1D8085BC004417E9 /* Sources */ = {
			isa = PBXSourcesBuildPhase;
			buildActionMask = 2147483647;
			files = (
				EE3A41151D827D19000071CE /* HelpViewController.swift in Sources */,
				EE23CB5D1D81E876001AB9C9 /* Support.swift in Sources */,
				EE24F31E1D89B1440051FC18 /* MenuBar.swift in Sources */,
				EE3A410F1D826573000071CE /* ProfileWebViewController.swift in Sources */,
				EE3A41131D8272E0000071CE /* TechnicalWebViewController.swift in Sources */,
				EE24F3231D8A79E00051FC18 /* BaseCell.swift in Sources */,
				EE61BFF51D8085BD004417E9 /* ViewController.swift in Sources */,
				EE61BFF31D8085BD004417E9 /* AppDelegate.swift in Sources */,
				EE61C01A1D812478004417E9 /* SWRevealTableViewController.swift in Sources */,
				EE61C0161D80A0A5004417E9 /* ProfileTableViewController.swift in Sources */,
				EE3A410D1D8261D6000071CE /* ProfileCell.swift in Sources */,
				EE61C0141D809F33004417E9 /* SWRevealViewController.m in Sources */,
				EE61C0181D80A367004417E9 /* MyAppTableViewController.swift in Sources */,
			);
			runOnlyForDeploymentPostprocessing = 0;
		};
/* End PBXSourcesBuildPhase section */

/* Begin PBXVariantGroup section */
		EE61BFF61D8085BD004417E9 /* Main.storyboard */ = {
			isa = PBXVariantGroup;
			children = (
				EE61BFF71D8085BD004417E9 /* Base */,
			);
			name = Main.storyboard;
			sourceTree = "<group>";
		};
		EE61BFFB1D8085BD004417E9 /* LaunchScreen.storyboard */ = {
			isa = PBXVariantGroup;
			children = (
				EE61BFFC1D8085BD004417E9 /* Base */,
			);
			name = LaunchScreen.storyboard;
			sourceTree = "<group>";
		};
/* End PBXVariantGroup section */

/* Begin XCBuildConfiguration section */
		EE61BFFF1D8085BD004417E9 /* Debug */ = {
			isa = XCBuildConfiguration;
			buildSettings = {
				ALWAYS_SEARCH_USER_PATHS = NO;
				CLANG_ANALYZER_NONNULL = YES;
				CLANG_CXX_LANGUAGE_STANDARD = "gnu++0x";
				CLANG_CXX_LIBRARY = "libc++";
				CLANG_ENABLE_MODULES = YES;
				CLANG_ENABLE_OBJC_ARC = YES;
				CLANG_WARN_BOOL_CONVERSION = YES;
				CLANG_WARN_CONSTANT_CONVERSION = YES;
				CLANG_WARN_DIRECT_OBJC_ISA_USAGE = YES_ERROR;
				CLANG_WARN_EMPTY_BODY = YES;
				CLANG_WARN_ENUM_CONVERSION = YES;
				CLANG_WARN_INT_CONVERSION = YES;
				CLANG_WARN_OBJC_ROOT_CLASS = YES_ERROR;
				CLANG_WARN_UNREACHABLE_CODE = YES;
				CLANG_WARN__DUPLICATE_METHOD_MATCH = YES;
				"CODE_SIGN_IDENTITY[sdk=iphoneos*]" = "iPhone Developer";
				COPY_PHASE_STRIP = NO;
				DEBUG_INFORMATION_FORMAT = dwarf;
				ENABLE_STRICT_OBJC_MSGSEND = YES;
				ENABLE_TESTABILITY = YES;
				GCC_C_LANGUAGE_STANDARD = gnu99;
				GCC_DYNAMIC_NO_PIC = NO;
				GCC_NO_COMMON_BLOCKS = YES;
				GCC_OPTIMIZATION_LEVEL = 0;
				GCC_PREPROCESSOR_DEFINITIONS = (
					"DEBUG=1",
					"$(inherited)",
				);
				GCC_WARN_64_TO_32_BIT_CONVERSION = YES;
				GCC_WARN_ABOUT_RETURN_TYPE = YES_ERROR;
				GCC_WARN_UNDECLARED_SELECTOR = YES;
				GCC_WARN_UNINITIALIZED_AUTOS = YES_AGGRESSIVE;
				GCC_WARN_UNUSED_FUNCTION = YES;
				GCC_WARN_UNUSED_VARIABLE = YES;
				IPHONEOS_DEPLOYMENT_TARGET = 9.3;
				MTL_ENABLE_DEBUG_INFO = YES;
				ONLY_ACTIVE_ARCH = YES;
				SDKROOT = iphoneos;
				SWIFT_OPTIMIZATION_LEVEL = "-Onone";
			};
			name = Debug;
		};
		EE61C0001D8085BD004417E9 /* Release */ = {
			isa = XCBuildConfiguration;
			buildSettings = {
				ALWAYS_SEARCH_USER_PATHS = NO;
				CLANG_ANALYZER_NONNULL = YES;
				CLANG_CXX_LANGUAGE_STANDARD = "gnu++0x";
				CLANG_CXX_LIBRARY = "libc++";
				CLANG_ENABLE_MODULES = YES;
				CLANG_ENABLE_OBJC_ARC = YES;
				CLANG_WARN_BOOL_CONVERSION = YES;
				CLANG_WARN_CONSTANT_CONVERSION = YES;
				CLANG_WARN_DIRECT_OBJC_ISA_USAGE = YES_ERROR;
				CLANG_WARN_EMPTY_BODY = YES;
				CLANG_WARN_ENUM_CONVERSION = YES;
				CLANG_WARN_INT_CONVERSION = YES;
				CLANG_WARN_OBJC_ROOT_CLASS = YES_ERROR;
				CLANG_WARN_UNREACHABLE_CODE = YES;
				CLANG_WARN__DUPLICATE_METHOD_MATCH = YES;
				"CODE_SIGN_IDENTITY[sdk=iphoneos*]" = "iPhone Developer";
				COPY_PHASE_STRIP = NO;
				DEBUG_INFORMATION_FORMAT = "dwarf-with-dsym";
				ENABLE_NS_ASSERTIONS = NO;
				ENABLE_STRICT_OBJC_MSGSEND = YES;
				GCC_C_LANGUAGE_STANDARD = gnu99;
				GCC_NO_COMMON_BLOCKS = YES;
				GCC_WARN_64_TO_32_BIT_CONVERSION = YES;
				GCC_WARN_ABOUT_RETURN_TYPE = YES_ERROR;
				GCC_WARN_UNDECLARED_SELECTOR = YES;
				GCC_WARN_UNINITIALIZED_AUTOS = YES_AGGRESSIVE;
				GCC_WARN_UNUSED_FUNCTION = YES;
				GCC_WARN_UNUSED_VARIABLE = YES;
				IPHONEOS_DEPLOYMENT_TARGET = 9.3;
				MTL_ENABLE_DEBUG_INFO = NO;
				SDKROOT = iphoneos;
				VALIDATE_PRODUCT = YES;
			};
			name = Release;
		};
		EE61C0021D8085BD004417E9 /* Debug */ = {
			isa = XCBuildConfiguration;
			baseConfigurationReference = 284A2F268034D959AF793018 /* Pods-iOSAboutMeApp.debug.xcconfig */;
			buildSettings = {
				ASSETCATALOG_COMPILER_APPICON_NAME = AppIcon;
				CLANG_ENABLE_MODULES = YES;
				CODE_SIGN_IDENTITY = "iPhone Developer";
				"CODE_SIGN_IDENTITY[sdk=iphoneos*]" = "iPhone Developer";
				INFOPLIST_FILE = iOSAboutMeApp/Info.plist;
				LD_RUNPATH_SEARCH_PATHS = "$(inherited) @executable_path/Frameworks";
				PRODUCT_BUNDLE_IDENTIFIER = io.topclassic.iOSAboutMeApp;
				PRODUCT_NAME = "$(TARGET_NAME)";
				PROVISIONING_PROFILE = "";
				SWIFT_OBJC_BRIDGING_HEADER = "iOSAboutMeApp-Bridging-Header.h";
				SWIFT_OPTIMIZATION_LEVEL = "-Onone";
			};
			name = Debug;
		};
		EE61C0031D8085BD004417E9 /* Release */ = {
			isa = XCBuildConfiguration;
			baseConfigurationReference = 7406275A572D2FD49EB78E96 /* Pods-iOSAboutMeApp.release.xcconfig */;
			buildSettings = {
				ASSETCATALOG_COMPILER_APPICON_NAME = AppIcon;
				CLANG_ENABLE_MODULES = YES;
				CODE_SIGN_IDENTITY = "iPhone Developer";
				"CODE_SIGN_IDENTITY[sdk=iphoneos*]" = "iPhone Developer";
				INFOPLIST_FILE = iOSAboutMeApp/Info.plist;
				LD_RUNPATH_SEARCH_PATHS = "$(inherited) @executable_path/Frameworks";
				PRODUCT_BUNDLE_IDENTIFIER = io.topclassic.iOSAboutMeApp;
				PRODUCT_NAME = "$(TARGET_NAME)";
				PROVISIONING_PROFILE = "";
				SWIFT_OBJC_BRIDGING_HEADER = "iOSAboutMeApp-Bridging-Header.h";
			};
			name = Release;
		};
/* End XCBuildConfiguration section */

/* Begin XCConfigurationList section */
		EE61BFEA1D8085BC004417E9 /* Build configuration list for PBXProject "iOSAboutMeApp" */ = {
			isa = XCConfigurationList;
			buildConfigurations = (
				EE61BFFF1D8085BD004417E9 /* Debug */,
				EE61C0001D8085BD004417E9 /* Release */,
			);
			defaultConfigurationIsVisible = 0;
			defaultConfigurationName = Release;
		};
		EE61C0011D8085BD004417E9 /* Build configuration list for PBXNativeTarget "iOSAboutMeApp" */ = {
			isa = XCConfigurationList;
			buildConfigurations = (
				EE61C0021D8085BD004417E9 /* Debug */,
				EE61C0031D8085BD004417E9 /* Release */,
			);
			defaultConfigurationIsVisible = 0;
			defaultConfigurationName = Release;
		};
/* End XCConfigurationList section */
	};
	rootObject = EE61BFE71D8085BC004417E9 /* Project object */;
}
